
Microsoft Visual Studio Solution File, Format Version 12.00
# Visual Studio 2013
VisualStudioVersion = 12.0.31101.0
MinimumVisualStudioVersion = 10.0.40219.1
Project("{F2A71F9B-5D33-465A-A702-920D77279786}") = "Deedle.BigDemo", "Deedle.BigDemo.fsproj", "{F8D90A98-D458-4437-810B-08528AF5BF99}"
EndProject
Project("{2150E333-8FDC-42A3-9474-1A3956D46DE8}") = "Solution Items", "Solution Items", "{6D0234B2-DE56-4972-B801-25AFE379C274}"
	ProjectSection(SolutionItems) = preProject
		README.md = README.md
	EndProjectSection
EndProject
Global
	GlobalSection(SolutionConfigurationPlatforms) = preSolution
		Debug|Any CPU = Debug|Any CPU
		Release|Any CPU = Release|Any CPU
	EndGlobalSection
	GlobalSection(ProjectConfigurationPlatforms) = postSolution
		{F8D90A98-D458-4437-810B-08528AF5BF99}.Debug|Any CPU.ActiveCfg = Debug|Any CPU
		{F8D90A98-D458-4437-810B-08528AF5BF99}.Debug|Any CPU.Build.0 = Debug|Any CPU
		{F8D90A98-D458-4437-810B-08528AF5BF99}.Release|Any CPU.ActiveCfg = Release|Any CPU
		{F8D90A98-D458-4437-810B-08528AF5BF99}.Release|Any CPU.Build.0 = Release|Any CPU
	EndGlobalSection
	GlobalSection(SolutionProperties) = preSolution
		HideSolutionNode = FALSE
	EndGlobalSection
EndGlobal
