
Microsoft Visual Studio Solution File, Format Version 12.00
# Visual Studio 14
VisualStudioVersion = 14.0.23107.0
MinimumVisualStudioVersion = 10.0.40219.1
Project("{2150E333-8FDC-42A3-9474-1A3956D46DE8}") = ".project", ".project", "{6D0234B2-DE56-4972-B801-25AFE379C274}"
	ProjectSection(SolutionItems) = preProject
		paket.dependencies = paket.dependencies
		README.md = README.md
	EndProjectSection
EndProject
Project("{F2A71F9B-5D33-465A-A702-920D77279786}") = "Deedle.BigSources", "src\Deedle.BigSources\Deedle.BigSources.fsproj", "{C8634E3C-86A9-4330-BED1-AE2F8D4921F2}"
EndProject
Project("{2150E333-8FDC-42A3-9474-1A3956D46DE8}") = "demos", "demos", "{389394CB-BBCC-4807-84BB-AB1159FCCC65}"
	ProjectSection(SolutionItems) = preProject
		src\Scripts.Demos\houses-local.fsx = src\Scripts.Demos\houses-local.fsx
		src\Scripts.Demos\trades-clouud.fsx = src\Scripts.Demos\trades-clouud.fsx
		src\Scripts.Demos\trades-local.fsx = src\Scripts.Demos\trades-local.fsx
	EndProjectSection
EndProject
Project("{2150E333-8FDC-42A3-9474-1A3956D46DE8}") = "setup", "setup", "{F975A737-0BFD-463D-AD6D-FE75F05FF3EB}"
	ProjectSection(SolutionItems) = preProject
		src\Scripts.Setup\setup-cluster.fsx = src\Scripts.Setup\setup-cluster.fsx
		src\Scripts.Setup\setup-houseprices.fsx = src\Scripts.Setup\setup-houseprices.fsx
		src\Scripts.Setup\setup-trades.fsx = src\Scripts.Setup\setup-trades.fsx
	EndProjectSection
EndProject
Global
	GlobalSection(SolutionConfigurationPlatforms) = preSolution
		Debug|Any CPU = Debug|Any CPU
		Release|Any CPU = Release|Any CPU
	EndGlobalSection
	GlobalSection(ProjectConfigurationPlatforms) = postSolution
		{C8634E3C-86A9-4330-BED1-AE2F8D4921F2}.Debug|Any CPU.ActiveCfg = Debug|Any CPU
		{C8634E3C-86A9-4330-BED1-AE2F8D4921F2}.Debug|Any CPU.Build.0 = Debug|Any CPU
		{C8634E3C-86A9-4330-BED1-AE2F8D4921F2}.Release|Any CPU.ActiveCfg = Release|Any CPU
		{C8634E3C-86A9-4330-BED1-AE2F8D4921F2}.Release|Any CPU.Build.0 = Release|Any CPU
	EndGlobalSection
	GlobalSection(SolutionProperties) = preSolution
		HideSolutionNode = FALSE
	EndGlobalSection
EndGlobal
